
Microsoft Visual Studio Solution File, Format Version 12.00
# Visual Studio Version 17
VisualStudioVersion = 17.1.32328.378
MinimumVisualStudioVersion = 10.0.40219.1
Project("{FAE04EC0-301F-11D3-BF4B-00C04F79EFBC}") = "Entidades Teatro", "Entidades Teatro\Entidades Teatro.csproj", "{AF79BE65-138C-4F89-BE59-F81B42390FFF}"
EndProject
Project("{FAE04EC0-301F-11D3-BF4B-00C04F79EFBC}") = "UI Teatro", "UI Teatro\UI Teatro.csproj", "{180BC2B6-F714-4D5E-87C7-B9ECF93F3743}"
EndProject
Project("{FAE04EC0-301F-11D3-BF4B-00C04F79EFBC}") = "Consola Teatro", "Consola Teatro\Consola Teatro.csproj", "{A1AC79F7-E23F-406A-A394-FCDB9024776C}"
EndProject
Global
	GlobalSection(SolutionConfigurationPlatforms) = preSolution
		Debug|Any CPU = Debug|Any CPU
		Release|Any CPU = Release|Any CPU
	EndGlobalSection
	GlobalSection(ProjectConfigurationPlatforms) = postSolution
		{AF79BE65-138C-4F89-BE59-F81B42390FFF}.Debug|Any CPU.ActiveCfg = Debug|Any CPU
		{AF79BE65-138C-4F89-BE59-F81B42390FFF}.Debug|Any CPU.Build.0 = Debug|Any CPU
		{AF79BE65-138C-4F89-BE59-F81B42390FFF}.Release|Any CPU.ActiveCfg = Release|Any CPU
		{AF79BE65-138C-4F89-BE59-F81B42390FFF}.Release|Any CPU.Build.0 = Release|Any CPU
		{180BC2B6-F714-4D5E-87C7-B9ECF93F3743}.Debug|Any CPU.ActiveCfg = Debug|Any CPU
		{180BC2B6-F714-4D5E-87C7-B9ECF93F3743}.Debug|Any CPU.Build.0 = Debug|Any CPU
		{180BC2B6-F714-4D5E-87C7-B9ECF93F3743}.Release|Any CPU.ActiveCfg = Release|Any CPU
		{180BC2B6-F714-4D5E-87C7-B9ECF93F3743}.Release|Any CPU.Build.0 = Release|Any CPU
		{A1AC79F7-E23F-406A-A394-FCDB9024776C}.Debug|Any CPU.ActiveCfg = Debug|Any CPU
		{A1AC79F7-E23F-406A-A394-FCDB9024776C}.Debug|Any CPU.Build.0 = Debug|Any CPU
		{A1AC79F7-E23F-406A-A394-FCDB9024776C}.Release|Any CPU.ActiveCfg = Release|Any CPU
		{A1AC79F7-E23F-406A-A394-FCDB9024776C}.Release|Any CPU.Build.0 = Release|Any CPU
	EndGlobalSection
	GlobalSection(SolutionProperties) = preSolution
		HideSolutionNode = FALSE
	EndGlobalSection
	GlobalSection(ExtensibilityGlobals) = postSolution
		SolutionGuid = {12D77A49-E833-4A41-BF26-575DC058648C}
	EndGlobalSection
EndGlobal
